
Microsoft Visual Studio Solution File, Format Version 12.00
# Visual Studio Version 17
VisualStudioVersion = 17.4.33103.184
MinimumVisualStudioVersion = 10.0.40219.1
Project("{FAE04EC0-301F-11D3-BF4B-00C04F79EFBC}") = "tanksconsole", "tanksconsole\tanksconsole.csproj", "{442765B0-A0EA-417E-B8C0-8F916A1C6604}"
EndProject
Project("{FAE04EC0-301F-11D3-BF4B-00C04F79EFBC}") = "TankTest1", "TankTest1\TankTest1.csproj", "{92C1212B-FA46-45AE-9037-083022FD4628}"
EndProject
Global
	GlobalSection(SolutionConfigurationPlatforms) = preSolution
		Debug|Any CPU = Debug|Any CPU
		Release|Any CPU = Release|Any CPU
	EndGlobalSection
	GlobalSection(ProjectConfigurationPlatforms) = postSolution
		{442765B0-A0EA-417E-B8C0-8F916A1C6604}.Debug|Any CPU.ActiveCfg = Debug|Any CPU
		{442765B0-A0EA-417E-B8C0-8F916A1C6604}.Debug|Any CPU.Build.0 = Debug|Any CPU
		{442765B0-A0EA-417E-B8C0-8F916A1C6604}.Release|Any CPU.ActiveCfg = Release|Any CPU
		{442765B0-A0EA-417E-B8C0-8F916A1C6604}.Release|Any CPU.Build.0 = Release|Any CPU
		{92C1212B-FA46-45AE-9037-083022FD4628}.Debug|Any CPU.ActiveCfg = Debug|Any CPU
		{92C1212B-FA46-45AE-9037-083022FD4628}.Debug|Any CPU.Build.0 = Debug|Any CPU
		{92C1212B-FA46-45AE-9037-083022FD4628}.Release|Any CPU.ActiveCfg = Release|Any CPU
		{92C1212B-FA46-45AE-9037-083022FD4628}.Release|Any CPU.Build.0 = Release|Any CPU
	EndGlobalSection
	GlobalSection(SolutionProperties) = preSolution
		HideSolutionNode = FALSE
	EndGlobalSection
	GlobalSection(ExtensibilityGlobals) = postSolution
		SolutionGuid = {6DFD5C11-6BC4-4A56-A97C-1E8D4B3F550F}
	EndGlobalSection
EndGlobal
